
Microsoft Visual Studio Solution File, Format Version 12.00
# Visual Studio Version 17
VisualStudioVersion = 17.1.32210.238
MinimumVisualStudioVersion = 10.0.40219.1
Project("{9A19103F-16F7-4668-BE54-9A1E7A4F7556}") = "Oasis.EntityFrameworkCore.Mapper", "Oasis.EntityFrameworkCore.Mapper\Oasis.EntityFrameworkCore.Mapper.csproj", "{6FC794F9-2501-450A-BD9B-7B738C2FDB88}"
EndProject
Project("{9A19103F-16F7-4668-BE54-9A1E7A4F7556}") = "Oasis.EntityFrameworkCore.Mapper.Test", "Oasis.EntityFrameworkCore.Mapper.Test\Oasis.EntityFrameworkCore.Mapper.Test.csproj", "{8441524F-A493-45B4-B873-95DD2402460D}"
EndProject
Project("{9A19103F-16F7-4668-BE54-9A1E7A4F7556}") = "LibrarySampleDTO", "LibrarySampleDTO\LibrarySampleDTO.csproj", "{4DD4D3FC-3900-4336-AA68-C6A332E8DB62}"
EndProject
Project("{9A19103F-16F7-4668-BE54-9A1E7A4F7556}") = "LibrarySample", "LibrarySample\LibrarySample.csproj", "{9714117E-A02C-4EA0-A224-130C14531A85}"
EndProject
Project("{FAE04EC0-301F-11D3-BF4B-00C04F79EFBC}") = "PerformanceComparer", "PerformanceComparer\PerformanceComparer.csproj", "{46955DEB-26AE-48F5-9DF2-57FD66C7FC7F}"
EndProject
Global
	GlobalSection(SolutionConfigurationPlatforms) = preSolution
		Debug|Any CPU = Debug|Any CPU
		Release|Any CPU = Release|Any CPU
	EndGlobalSection
	GlobalSection(ProjectConfigurationPlatforms) = postSolution
		{6FC794F9-2501-450A-BD9B-7B738C2FDB88}.Debug|Any CPU.ActiveCfg = Debug|Any CPU
		{6FC794F9-2501-450A-BD9B-7B738C2FDB88}.Debug|Any CPU.Build.0 = Debug|Any CPU
		{6FC794F9-2501-450A-BD9B-7B738C2FDB88}.Release|Any CPU.ActiveCfg = Release|Any CPU
		{6FC794F9-2501-450A-BD9B-7B738C2FDB88}.Release|Any CPU.Build.0 = Release|Any CPU
		{8441524F-A493-45B4-B873-95DD2402460D}.Debug|Any CPU.ActiveCfg = Debug|Any CPU
		{8441524F-A493-45B4-B873-95DD2402460D}.Debug|Any CPU.Build.0 = Debug|Any CPU
		{8441524F-A493-45B4-B873-95DD2402460D}.Release|Any CPU.ActiveCfg = Release|Any CPU
		{8441524F-A493-45B4-B873-95DD2402460D}.Release|Any CPU.Build.0 = Release|Any CPU
		{4DD4D3FC-3900-4336-AA68-C6A332E8DB62}.Debug|Any CPU.ActiveCfg = Debug|Any CPU
		{4DD4D3FC-3900-4336-AA68-C6A332E8DB62}.Debug|Any CPU.Build.0 = Debug|Any CPU
		{4DD4D3FC-3900-4336-AA68-C6A332E8DB62}.Release|Any CPU.ActiveCfg = Release|Any CPU
		{4DD4D3FC-3900-4336-AA68-C6A332E8DB62}.Release|Any CPU.Build.0 = Release|Any CPU
		{9714117E-A02C-4EA0-A224-130C14531A85}.Debug|Any CPU.ActiveCfg = Debug|Any CPU
		{9714117E-A02C-4EA0-A224-130C14531A85}.Debug|Any CPU.Build.0 = Debug|Any CPU
		{9714117E-A02C-4EA0-A224-130C14531A85}.Release|Any CPU.ActiveCfg = Release|Any CPU
		{9714117E-A02C-4EA0-A224-130C14531A85}.Release|Any CPU.Build.0 = Release|Any CPU
		{46955DEB-26AE-48F5-9DF2-57FD66C7FC7F}.Debug|Any CPU.ActiveCfg = Debug|Any CPU
		{46955DEB-26AE-48F5-9DF2-57FD66C7FC7F}.Debug|Any CPU.Build.0 = Debug|Any CPU
		{46955DEB-26AE-48F5-9DF2-57FD66C7FC7F}.Release|Any CPU.ActiveCfg = Release|Any CPU
		{46955DEB-26AE-48F5-9DF2-57FD66C7FC7F}.Release|Any CPU.Build.0 = Release|Any CPU
	EndGlobalSection
	GlobalSection(SolutionProperties) = preSolution
		HideSolutionNode = FALSE
	EndGlobalSection
	GlobalSection(ExtensibilityGlobals) = postSolution
		SolutionGuid = {D77D65C0-EDE2-412C-8C68-4DD9FDCE1D6E}
	EndGlobalSection
EndGlobal
