
Microsoft Visual Studio Solution File, Format Version 12.00
# Visual Studio Version 17
VisualStudioVersion = 17.5.33502.453
MinimumVisualStudioVersion = 10.0.40219.1
Project("{9A19103F-16F7-4668-BE54-9A1E7A4F7556}") = "EfMapperDemo", "EfMapperDemo\EfMapperDemo.csproj", "{DD2FBA28-BD66-41F0-9B38-9CCD79C49401}"
EndProject
Project("{FAE04EC0-301F-11D3-BF4B-00C04F79EFBC}") = "SqlSurrogate", "SqlSurrogate\SqlSurrogate.csproj", "{0EA47E82-3B65-4133-94C9-4110BC80681D}"
EndProject
Global
	GlobalSection(SolutionConfigurationPlatforms) = preSolution
		Debug|Any CPU = Debug|Any CPU
		Release|Any CPU = Release|Any CPU
	EndGlobalSection
	GlobalSection(ProjectConfigurationPlatforms) = postSolution
		{DD2FBA28-BD66-41F0-9B38-9CCD79C49401}.Debug|Any CPU.ActiveCfg = Debug|Any CPU
		{DD2FBA28-BD66-41F0-9B38-9CCD79C49401}.Debug|Any CPU.Build.0 = Debug|Any CPU
		{DD2FBA28-BD66-41F0-9B38-9CCD79C49401}.Release|Any CPU.ActiveCfg = Release|Any CPU
		{DD2FBA28-BD66-41F0-9B38-9CCD79C49401}.Release|Any CPU.Build.0 = Release|Any CPU
		{0EA47E82-3B65-4133-94C9-4110BC80681D}.Debug|Any CPU.ActiveCfg = Debug|Any CPU
		{0EA47E82-3B65-4133-94C9-4110BC80681D}.Debug|Any CPU.Build.0 = Debug|Any CPU
		{0EA47E82-3B65-4133-94C9-4110BC80681D}.Release|Any CPU.ActiveCfg = Release|Any CPU
		{0EA47E82-3B65-4133-94C9-4110BC80681D}.Release|Any CPU.Build.0 = Release|Any CPU
	EndGlobalSection
	GlobalSection(SolutionProperties) = preSolution
		HideSolutionNode = FALSE
	EndGlobalSection
	GlobalSection(ExtensibilityGlobals) = postSolution
		SolutionGuid = {AB8DA7C3-4738-4CA0-889A-DD4BDC5C43E4}
	EndGlobalSection
EndGlobal
